<?xml version="1.0" encoding="utf-8"?>
<Project ToolsVersion="4.0" xmlns="http://schemas.microsoft.com/developer/msbuild/2003">
  <ItemGroup>
    <ClCompile Include="main.cpp" />
    <ClCompile Include="triggerbot.cpp" />
    <ClCompile Include="radar.cpp" />
    <ClCompile Include="stdafx.cpp" />
    <ClCompile Include="memory.cpp" />
    <ClCompile Include="aimbot.cpp" />
    <ClCompile Include="entity.cpp" />
    <ClCompile Include="vector.cpp" />
  </ItemGroup>
  <ItemGroup>
    <ClInclude Include="stdafx.h" />
    <ClInclude Include="triggerbot.h" />
    <ClInclude Include="radar.h" />
    <ClInclude Include="memory.h" />
    <ClInclude Include="aimbot.h" />
    <ClInclude Include="entity.h" />
    <ClInclude Include="vector.h" />
  </ItemGroup>
</Project>